<?xml version="1.0" encoding="utf-8"?>
<Project ToolsVersion="4.0" xmlns="http://schemas.microsoft.com/developer/msbuild/2003">
  <ItemGroup>
    <ClCompile Include="app.cpp">
      <Filter>App</Filter>
    </ClCompile>
    <ClCompile Include="Game.cpp">
      <Filter>App</Filter>
    </ClCompile>
    <ClCompile Include="kzEventTag.cpp">
      <Filter>App</Filter>
    </ClCompile>
    <ClCompile Include="ObjectTag.cpp">
      <Filter>App</Filter>
    </ClCompile>
    <ClCompile Include="TestScene.cpp">
      <Filter>Scene</Filter>
    </ClCompile>
    <ClCompile Include="ResourceManager.cpp">
      <Filter>ResourceManager</Filter>
    </ClCompile>
    <ClCompile Include="Env.cpp" />
    <ClCompile Include="CameraComponent.cpp">
      <Filter>Component\Camera</Filter>
    </ClCompile>
    <ClCompile Include="COMPlayerInput.cpp">
      <Filter>Component\Player</Filter>
    </ClCompile>
    <ClCompile Include="COMRenderObjectContainer.cpp">
      <Filter>Component\Render</Filter>
    </ClCompile>
    <ClCompile Include="BoxColliderAttribute.cpp">
      <Filter>Data\Collider</Filter>
    </ClCompile>
    <ClCompile Include="SphareColliderAttribute.cpp">
      <Filter>Data\Collider</Filter>
    </ClCompile>
    <ClCompile Include="ColliderAttribute.cpp">
      <Filter>Data\Collider</Filter>
    </ClCompile>
    <ClCompile Include="CharacterMeta.cpp">
      <Filter>Data</Filter>
    </ClCompile>
    <ClCompile Include="Collder.cpp">
      <Filter>Data\Collider</Filter>
    </ClCompile>
    <ClCompile Include="Player.cpp">
      <Filter>Component\Player</Filter>
    </ClCompile>
    <ClCompile Include="BoundingSphere.cpp">
      <Filter>Component\Character\Collider</Filter>
    </ClCompile>
    <ClCompile Include="COMHeightmap.cpp">
      <Filter>Component\Character</Filter>
    </ClCompile>
    <ClCompile Include="HeightMap.cpp">
      <Filter>Component\Height Map</Filter>
    </ClCompile>
    <ClCompile Include="HeightMapBuilder.cpp">
      <Filter>Component\Height Map</Filter>
    </ClCompile>
    <ClCompile Include="COMMoveController.cpp">
      <Filter>Component\Character</Filter>
    </ClCompile>
    <ClCompile Include="PhysicsManager.cpp">
      <Filter>physics</Filter>
    </ClCompile>
    <ClCompile Include="CharacterController.cpp">
      <Filter>physics</Filter>
    </ClCompile>
    <ClCompile Include="CameraViewingState.cpp">
      <Filter>Component\Camera</Filter>
    </ClCompile>
    <ClCompile Include="LookForwardState.cpp">
      <Filter>Component\Camera\LookForwardState</Filter>
    </ClCompile>
    <ClCompile Include="FreeViewingState.cpp">
      <Filter>Component\Camera\FreeViewingState</Filter>
    </ClCompile>
    <ClCompile Include="IdleViewingState.cpp">
      <Filter>Component\Camera\IdleViewingState</Filter>
    </ClCompile>
  </ItemGroup>
  <ItemGroup>
    <ClInclude Include="vector.hpp" />
    <ClInclude Include="app.h">
      <Filter>App</Filter>
    </ClInclude>
    <ClInclude Include="constvar.hpp">
      <Filter>App</Filter>
    </ClInclude>
    <ClInclude Include="Game.h">
      <Filter>App</Filter>
    </ClInclude>
    <ClInclude Include="framework.h">
      <Filter>App</Filter>
    </ClInclude>
    <ClInclude Include="kzEnum.hpp">
      <Filter>App</Filter>
    </ClInclude>
    <ClInclude Include="kzEventTag.hpp">
      <Filter>App</Filter>
    </ClInclude>
    <ClInclude Include="pch.h">
      <Filter>App</Filter>
    </ClInclude>
    <ClInclude Include="ObjectTag.hpp">
      <Filter>App</Filter>
    </ClInclude>
    <ClInclude Include="Resource.h">
      <Filter>App</Filter>
    </ClInclude>
    <ClInclude Include="targetver.h">
      <Filter>App</Filter>
    </ClInclude>
    <ClInclude Include="typedef.hpp">
      <Filter>App</Filter>
    </ClInclude>
    <ClInclude Include="macro.hpp">
      <Filter>App</Filter>
    </ClInclude>
    <ClInclude Include="TestScene.hpp">
      <Filter>Scene</Filter>
    </ClInclude>
    <ClInclude Include="ResourceManager.hpp">
      <Filter>ResourceManager</Filter>
    </ClInclude>
    <ClInclude Include="..\common\json.hpp">
      <Filter>App</Filter>
    </ClInclude>
    <ClInclude Include="Env.hpp">
      <Filter>Env</Filter>
    </ClInclude>
    <ClInclude Include="CameraComponent.hpp">
      <Filter>Component\Camera</Filter>
    </ClInclude>
    <ClInclude Include="COMPlayerInput.hpp">
      <Filter>Component\Player</Filter>
    </ClInclude>
    <ClInclude Include="COMRenderObjectContainer.hpp">
      <Filter>Component\Render</Filter>
    </ClInclude>
    <ClInclude Include="Player.h">
      <Filter>Component\Player</Filter>
    </ClInclude>
    <ClInclude Include="CharacterMeta.hpp">
      <Filter>Data</Filter>
    </ClInclude>
    <ClInclude Include="Collder.hpp">
      <Filter>Data\Collider</Filter>
    </ClInclude>
    <ClInclude Include="ColliderAttribute.hpp">
      <Filter>Data\Collider</Filter>
    </ClInclude>
    <ClInclude Include="BoxColliderAttribute.hpp">
      <Filter>Data\Collider</Filter>
    </ClInclude>
    <ClInclude Include="SphareColliderAttribute.hpp">
      <Filter>Data\Collider</Filter>
    </ClInclude>
    <ClInclude Include="COMHeightmap.hpp">
      <Filter>Component\Character</Filter>
    </ClInclude>
    <ClInclude Include="BoundingSphere.hpp">
      <Filter>Component\Character\Collider</Filter>
    </ClInclude>
    <ClInclude Include="HeightMap.hpp">
      <Filter>Component\Height Map</Filter>
    </ClInclude>
    <ClInclude Include="HeightMapBuilder.hpp">
      <Filter>Component\Height Map</Filter>
    </ClInclude>
    <ClInclude Include="COMMoveController.hpp">
      <Filter>Component\Character</Filter>
    </ClInclude>
    <ClInclude Include="PhysicsManager.hpp">
      <Filter>physics</Filter>
    </ClInclude>
    <ClInclude Include="CharacterController.hpp">
      <Filter>physics</Filter>
    </ClInclude>
    <ClInclude Include="CameraViewingState.hpp">
      <Filter>Component\Camera</Filter>
    </ClInclude>
    <ClInclude Include="LookForwardState.hpp">
      <Filter>Component\Camera\LookForwardState</Filter>
    </ClInclude>
    <ClInclude Include="FreeViewingState.hpp">
      <Filter>Component\Camera\FreeViewingState</Filter>
    </ClInclude>
    <ClInclude Include="IdleViewingState.hpp">
      <Filter>Component\Camera\IdleViewingState</Filter>
    </ClInclude>
  </ItemGroup>
  <ItemGroup>
    <Image Include="Game.ico">
      <Filter>App</Filter>
    </Image>
    <Image Include="small.ico">
      <Filter>App</Filter>
    </Image>
  </ItemGroup>
  <ItemGroup>
    <Filter Include="App">
      <UniqueIdentifier>{590148db-e567-4d62-ac22-eda90625c63e}</UniqueIdentifier>
    </Filter>
    <Filter Include="Scene">
      <UniqueIdentifier>{fb11b23a-d111-4497-a0db-2fbfc521ea4e}</UniqueIdentifier>
    </Filter>
    <Filter Include="ResourceManager">
      <UniqueIdentifier>{8028a757-54bd-4ac0-b1f1-2d8b6635df4c}</UniqueIdentifier>
    </Filter>
    <Filter Include="Env">
      <UniqueIdentifier>{c1d40c3e-970c-4f26-a07c-91b0960bf304}</UniqueIdentifier>
    </Filter>
    <Filter Include="Component">
      <UniqueIdentifier>{f5d1a8e0-e3b3-4427-8db6-2ae949959eb3}</UniqueIdentifier>
    </Filter>
    <Filter Include="Component\Camera">
      <UniqueIdentifier>{1600f547-1474-4c4a-b2e1-0451c3bc7185}</UniqueIdentifier>
    </Filter>
    <Filter Include="Component\Player">
      <UniqueIdentifier>{e09636c8-9278-447b-89f9-03111892d309}</UniqueIdentifier>
    </Filter>
    <Filter Include="Component\Render">
      <UniqueIdentifier>{ced79485-8e05-4ab8-bf39-8cd5323f699b}</UniqueIdentifier>
    </Filter>
    <Filter Include="Anim">
      <UniqueIdentifier>{9e794cf1-6315-4037-85b3-d52871e73143}</UniqueIdentifier>
    </Filter>
    <Filter Include="Data">
      <UniqueIdentifier>{56026248-1c14-42cd-bd05-3067924e2999}</UniqueIdentifier>
    </Filter>
    <Filter Include="Data\Collider">
      <UniqueIdentifier>{a14e176b-2a51-4930-811b-d07c8ddb9616}</UniqueIdentifier>
    </Filter>
    <Filter Include="Component\Character">
      <UniqueIdentifier>{4c21d0ce-c50a-4ee6-8534-0e345c0c2e59}</UniqueIdentifier>
    </Filter>
    <Filter Include="Component\Character\Collider">
      <UniqueIdentifier>{7ec5cfaf-55b7-4648-b761-aacd69d6d049}</UniqueIdentifier>
    </Filter>
    <Filter Include="Component\Height Map">
      <UniqueIdentifier>{665f2f86-88cd-4c80-9735-31a91a09b3e7}</UniqueIdentifier>
    </Filter>
    <Filter Include="physics">
      <UniqueIdentifier>{c7bc39d3-c86e-46a0-8922-d19203a9e8c7}</UniqueIdentifier>
    </Filter>
    <Filter Include="Component\Camera\LookForwardState">
      <UniqueIdentifier>{e205383e-1cf9-4878-a01b-dc6ba4be1cea}</UniqueIdentifier>
    </Filter>
    <Filter Include="Component\Camera\FreeViewingState">
      <UniqueIdentifier>{3cce1876-1132-4e06-b102-81c8b8b8a81c}</UniqueIdentifier>
    </Filter>
    <Filter Include="Component\Camera\IdleViewingState">
      <UniqueIdentifier>{60795152-405a-4edc-941f-816a4cd3e5b1}</UniqueIdentifier>
    </Filter>
  </ItemGroup>
  <ItemGroup>
    <None Include="cpp.hint">
      <Filter>App</Filter>
    </None>
  </ItemGroup>
  <ItemGroup>
    <ResourceCompile Include="Game.rc">
      <Filter>App</Filter>
    </ResourceCompile>
  </ItemGroup>
</Project>