
Microsoft Visual Studio Solution File, Format Version 12.00
# Visual Studio Version 16
VisualStudioVersion = 16.0.30711.63
MinimumVisualStudioVersion = 10.0.40219.1
Project("{8BC9CEB8-8B4A-11D0-8D11-00A0C91BC942}") = "RenderModule", "RenderModule\RenderModule.vcxproj", "{8E09E8D9-324F-4DC7-BE05-A0C9ED04D25E}"
	ProjectSection(ProjectDependencies) = postProject
		{6EACE86B-C534-43B3-A6BF-8F4CF109F5F1} = {6EACE86B-C534-43B3-A6BF-8F4CF109F5F1}
	EndProjectSection
EndProject
Project("{2150E333-8FDC-42A3-9474-1A3956D46DE8}") = "Tool", "Tool", "{AC4D4AAB-1C1C-43C6-BC10-F769ED623193}"
EndProject
Project("{8BC9CEB8-8B4A-11D0-8D11-00A0C91BC942}") = "Utility", "Utility\Utility.vcxproj", "{6EACE86B-C534-43B3-A6BF-8F4CF109F5F1}"
EndProject
Project("{2150E333-8FDC-42A3-9474-1A3956D46DE8}") = "Client", "Client", "{95D21ED9-2A77-4699-946C-03BFC24E9F47}"
EndProject
Project("{8BC9CEB8-8B4A-11D0-8D11-00A0C91BC942}") = "KumaWin", "KumaWin\KumaWin.vcxproj", "{6E74D104-0770-43B7-A864-6291C0C0F8B1}"
EndProject
Project("{8BC9CEB8-8B4A-11D0-8D11-00A0C91BC942}") = "GameEngine", "GameEngine\GameEngine.vcxproj", "{E8E12A91-BD52-4248-B73A-D78DDC132404}"
EndProject
Project("{8BC9CEB8-8B4A-11D0-8D11-00A0C91BC942}") = "Game", "Game\Game.vcxproj", "{8D9033B0-02A3-4633-B80D-CDCE45B88918}"
	ProjectSection(ProjectDependencies) = postProject
		{6E74D104-0770-43B7-A864-6291C0C0F8B1} = {6E74D104-0770-43B7-A864-6291C0C0F8B1}
		{E8E12A91-BD52-4248-B73A-D78DDC132404} = {E8E12A91-BD52-4248-B73A-D78DDC132404}
		{601E7EB7-1A09-4051-98F8-E6C65C5E93C3} = {601E7EB7-1A09-4051-98F8-E6C65C5E93C3}
		{8E09E8D9-324F-4DC7-BE05-A0C9ED04D25E} = {8E09E8D9-324F-4DC7-BE05-A0C9ED04D25E}
	EndProjectSection
EndProject
Project("{FAE04EC0-301F-11D3-BF4B-00C04F79EFBC}") = "MapTool", "MapTool\MapTool.csproj", "{A924AC15-F827-4578-82FA-5E6C1E5C3044}"
	ProjectSection(ProjectDependencies) = postProject
		{CC5ED826-3386-4240-8316-C09A6D07390B} = {CC5ED826-3386-4240-8316-C09A6D07390B}
		{EEDB3045-1639-4FE5-83EB-7C1B61F5538F} = {EEDB3045-1639-4FE5-83EB-7C1B61F5538F}
	EndProjectSection
EndProject
Project("{FAE04EC0-301F-11D3-BF4B-00C04F79EFBC}") = "MapToolCore", "MapToolCore\MapToolCore.csproj", "{CC5ED826-3386-4240-8316-C09A6D07390B}"
EndProject
Project("{8BC9CEB8-8B4A-11D0-8D11-00A0C91BC942}") = "GameRenderer", "GameRenderer\GameRenderer.vcxproj", "{601E7EB7-1A09-4051-98F8-E6C65C5E93C3}"
	ProjectSection(ProjectDependencies) = postProject
		{E8E12A91-BD52-4248-B73A-D78DDC132404} = {E8E12A91-BD52-4248-B73A-D78DDC132404}
		{8E09E8D9-324F-4DC7-BE05-A0C9ED04D25E} = {8E09E8D9-324F-4DC7-BE05-A0C9ED04D25E}
	EndProjectSection
EndProject
Project("{8BC9CEB8-8B4A-11D0-8D11-00A0C91BC942}") = "DirectXMathWrapper", "DirectXMathWrapper\DirectXMathWrapper.vcxproj", "{15241E65-736C-48F3-B81C-51E5470873B8}"
EndProject
Project("{8BC9CEB8-8B4A-11D0-8D11-00A0C91BC942}") = "MaptoolRenderer", "MaptoolRenderer\MaptoolRenderer.vcxproj", "{EEDB3045-1639-4FE5-83EB-7C1B61F5538F}"
EndProject
Project("{2150E333-8FDC-42A3-9474-1A3956D46DE8}") = "coomon", "coomon", "{2B8BB329-50F8-45D7-9635-D23E40CD860D}"
EndProject
Project("{FAE04EC0-301F-11D3-BF4B-00C04F79EFBC}") = "MaptoolNightbuild", "MaptoolNightbuild\MaptoolNightbuild.csproj", "{A117F94A-6218-41B2-A5C0-CC9D32DB636F}"
EndProject
Project("{8BC9CEB8-8B4A-11D0-8D11-00A0C91BC942}") = "GraphicsModuleDX11", "GraphicsModule\GraphicsModule.vcxproj", "{540AD146-C1D7-4FB7-B487-E878BD7F7C5D}"
EndProject
Project("{8BC9CEB8-8B4A-11D0-8D11-00A0C91BC942}") = "LibTestToolWX", "LibTestToolWX\LibTestToolWX.vcxproj", "{09C9F1A8-E7E5-4776-BD83-EF9830941B0C}"
	ProjectSection(ProjectDependencies) = postProject
		{540AD146-C1D7-4FB7-B487-E878BD7F7C5D} = {540AD146-C1D7-4FB7-B487-E878BD7F7C5D}
	EndProjectSection
EndProject
Project("{8BC9CEB8-8B4A-11D0-8D11-00A0C91BC942}") = "DX11RenderSystem", "DX11RenderSystem\DX11RenderSystem.vcxproj", "{20008B59-41D0-4F07-9786-51C836FA36BE}"
EndProject
Project("{8BC9CEB8-8B4A-11D0-8D11-00A0C91BC942}") = "wxtest1", "wxtest1\wxtest1.vcxproj", "{978EB851-E4B2-4D73-81D5-6AD624721E5B}"
EndProject
Project("{8BC9CEB8-8B4A-11D0-8D11-00A0C91BC942}") = "Kumazuma.Graphics.DX11", "Kumazuma.Graphics.DX11\Kumazuma.Graphics.DX11.vcxproj", "{2FE66D40-A1D4-40A9-8A47-45FE5001EC6D}"
EndProject
Global
	GlobalSection(SolutionConfigurationPlatforms) = preSolution
		Debug|Any CPU = Debug|Any CPU
		Debug|x64 = Debug|x64
		Debug|x86 = Debug|x86
		Release|Any CPU = Release|Any CPU
		Release|x64 = Release|x64
		Release|x86 = Release|x86
	EndGlobalSection
	GlobalSection(ProjectConfigurationPlatforms) = postSolution
		{8E09E8D9-324F-4DC7-BE05-A0C9ED04D25E}.Debug|Any CPU.ActiveCfg = Debug|Win32
		{8E09E8D9-324F-4DC7-BE05-A0C9ED04D25E}.Debug|x64.ActiveCfg = Debug|x64
		{8E09E8D9-324F-4DC7-BE05-A0C9ED04D25E}.Debug|x64.Build.0 = Debug|x64
		{8E09E8D9-324F-4DC7-BE05-A0C9ED04D25E}.Debug|x86.ActiveCfg = Debug|Win32
		{8E09E8D9-324F-4DC7-BE05-A0C9ED04D25E}.Debug|x86.Build.0 = Debug|Win32
		{8E09E8D9-324F-4DC7-BE05-A0C9ED04D25E}.Release|Any CPU.ActiveCfg = Release|Win32
		{8E09E8D9-324F-4DC7-BE05-A0C9ED04D25E}.Release|x64.ActiveCfg = Release|x64
		{8E09E8D9-324F-4DC7-BE05-A0C9ED04D25E}.Release|x64.Build.0 = Release|x64
		{8E09E8D9-324F-4DC7-BE05-A0C9ED04D25E}.Release|x86.ActiveCfg = Release|Win32
		{8E09E8D9-324F-4DC7-BE05-A0C9ED04D25E}.Release|x86.Build.0 = Release|Win32
		{6EACE86B-C534-43B3-A6BF-8F4CF109F5F1}.Debug|Any CPU.ActiveCfg = Debug|Win32
		{6EACE86B-C534-43B3-A6BF-8F4CF109F5F1}.Debug|x64.ActiveCfg = Debug|x64
		{6EACE86B-C534-43B3-A6BF-8F4CF109F5F1}.Debug|x64.Build.0 = Debug|x64
		{6EACE86B-C534-43B3-A6BF-8F4CF109F5F1}.Debug|x86.ActiveCfg = Debug|Win32
		{6EACE86B-C534-43B3-A6BF-8F4CF109F5F1}.Debug|x86.Build.0 = Debug|Win32
		{6EACE86B-C534-43B3-A6BF-8F4CF109F5F1}.Release|Any CPU.ActiveCfg = Release|Win32
		{6EACE86B-C534-43B3-A6BF-8F4CF109F5F1}.Release|x64.ActiveCfg = Release|x64
		{6EACE86B-C534-43B3-A6BF-8F4CF109F5F1}.Release|x64.Build.0 = Release|x64
		{6EACE86B-C534-43B3-A6BF-8F4CF109F5F1}.Release|x86.ActiveCfg = Release|Win32
		{6EACE86B-C534-43B3-A6BF-8F4CF109F5F1}.Release|x86.Build.0 = Release|Win32
		{6E74D104-0770-43B7-A864-6291C0C0F8B1}.Debug|Any CPU.ActiveCfg = Debug|Win32
		{6E74D104-0770-43B7-A864-6291C0C0F8B1}.Debug|x64.ActiveCfg = Debug|x64
		{6E74D104-0770-43B7-A864-6291C0C0F8B1}.Debug|x64.Build.0 = Debug|x64
		{6E74D104-0770-43B7-A864-6291C0C0F8B1}.Debug|x86.ActiveCfg = Debug|Win32
		{6E74D104-0770-43B7-A864-6291C0C0F8B1}.Debug|x86.Build.0 = Debug|Win32
		{6E74D104-0770-43B7-A864-6291C0C0F8B1}.Release|Any CPU.ActiveCfg = Release|Win32
		{6E74D104-0770-43B7-A864-6291C0C0F8B1}.Release|x64.ActiveCfg = Release|x64
		{6E74D104-0770-43B7-A864-6291C0C0F8B1}.Release|x64.Build.0 = Release|x64
		{6E74D104-0770-43B7-A864-6291C0C0F8B1}.Release|x86.ActiveCfg = Release|Win32
		{6E74D104-0770-43B7-A864-6291C0C0F8B1}.Release|x86.Build.0 = Release|Win32
		{E8E12A91-BD52-4248-B73A-D78DDC132404}.Debug|Any CPU.ActiveCfg = Debug|Win32
		{E8E12A91-BD52-4248-B73A-D78DDC132404}.Debug|x64.ActiveCfg = Debug|x64
		{E8E12A91-BD52-4248-B73A-D78DDC132404}.Debug|x64.Build.0 = Debug|x64
		{E8E12A91-BD52-4248-B73A-D78DDC132404}.Debug|x86.ActiveCfg = Debug|Win32
		{E8E12A91-BD52-4248-B73A-D78DDC132404}.Debug|x86.Build.0 = Debug|Win32
		{E8E12A91-BD52-4248-B73A-D78DDC132404}.Release|Any CPU.ActiveCfg = Release|Win32
		{E8E12A91-BD52-4248-B73A-D78DDC132404}.Release|x64.ActiveCfg = Release|x64
		{E8E12A91-BD52-4248-B73A-D78DDC132404}.Release|x64.Build.0 = Release|x64
		{E8E12A91-BD52-4248-B73A-D78DDC132404}.Release|x86.ActiveCfg = Release|Win32
		{E8E12A91-BD52-4248-B73A-D78DDC132404}.Release|x86.Build.0 = Release|Win32
		{8D9033B0-02A3-4633-B80D-CDCE45B88918}.Debug|Any CPU.ActiveCfg = Debug|Win32
		{8D9033B0-02A3-4633-B80D-CDCE45B88918}.Debug|x64.ActiveCfg = Debug|x64
		{8D9033B0-02A3-4633-B80D-CDCE45B88918}.Debug|x64.Build.0 = Debug|x64
		{8D9033B0-02A3-4633-B80D-CDCE45B88918}.Debug|x86.ActiveCfg = Debug|Win32
		{8D9033B0-02A3-4633-B80D-CDCE45B88918}.Debug|x86.Build.0 = Debug|Win32
		{8D9033B0-02A3-4633-B80D-CDCE45B88918}.Release|Any CPU.ActiveCfg = Release|Win32
		{8D9033B0-02A3-4633-B80D-CDCE45B88918}.Release|x64.ActiveCfg = Release|x64
		{8D9033B0-02A3-4633-B80D-CDCE45B88918}.Release|x64.Build.0 = Release|x64
		{8D9033B0-02A3-4633-B80D-CDCE45B88918}.Release|x86.ActiveCfg = Release|Win32
		{8D9033B0-02A3-4633-B80D-CDCE45B88918}.Release|x86.Build.0 = Release|Win32
		{A924AC15-F827-4578-82FA-5E6C1E5C3044}.Debug|Any CPU.ActiveCfg = Debug|Any CPU
		{A924AC15-F827-4578-82FA-5E6C1E5C3044}.Debug|Any CPU.Build.0 = Debug|Any CPU
		{A924AC15-F827-4578-82FA-5E6C1E5C3044}.Debug|x64.ActiveCfg = Debug|x64
		{A924AC15-F827-4578-82FA-5E6C1E5C3044}.Debug|x64.Build.0 = Debug|x64
		{A924AC15-F827-4578-82FA-5E6C1E5C3044}.Debug|x86.ActiveCfg = Debug|Any CPU
		{A924AC15-F827-4578-82FA-5E6C1E5C3044}.Debug|x86.Build.0 = Debug|Any CPU
		{A924AC15-F827-4578-82FA-5E6C1E5C3044}.Release|Any CPU.ActiveCfg = Release|Any CPU
		{A924AC15-F827-4578-82FA-5E6C1E5C3044}.Release|Any CPU.Build.0 = Release|Any CPU
		{A924AC15-F827-4578-82FA-5E6C1E5C3044}.Release|x64.ActiveCfg = Release|x64
		{A924AC15-F827-4578-82FA-5E6C1E5C3044}.Release|x64.Build.0 = Release|x64
		{A924AC15-F827-4578-82FA-5E6C1E5C3044}.Release|x86.ActiveCfg = Release|Any CPU
		{A924AC15-F827-4578-82FA-5E6C1E5C3044}.Release|x86.Build.0 = Release|Any CPU
		{CC5ED826-3386-4240-8316-C09A6D07390B}.Debug|Any CPU.ActiveCfg = Debug|Any CPU
		{CC5ED826-3386-4240-8316-C09A6D07390B}.Debug|Any CPU.Build.0 = Debug|Any CPU
		{CC5ED826-3386-4240-8316-C09A6D07390B}.Debug|x64.ActiveCfg = Debug|x64
		{CC5ED826-3386-4240-8316-C09A6D07390B}.Debug|x64.Build.0 = Debug|x64
		{CC5ED826-3386-4240-8316-C09A6D07390B}.Debug|x86.ActiveCfg = Debug|Any CPU
		{CC5ED826-3386-4240-8316-C09A6D07390B}.Debug|x86.Build.0 = Debug|Any CPU
		{CC5ED826-3386-4240-8316-C09A6D07390B}.Release|Any CPU.ActiveCfg = Release|Any CPU
		{CC5ED826-3386-4240-8316-C09A6D07390B}.Release|Any CPU.Build.0 = Release|Any CPU
		{CC5ED826-3386-4240-8316-C09A6D07390B}.Release|x64.ActiveCfg = Release|x64
		{CC5ED826-3386-4240-8316-C09A6D07390B}.Release|x64.Build.0 = Release|x64
		{CC5ED826-3386-4240-8316-C09A6D07390B}.Release|x86.ActiveCfg = Release|Any CPU
		{CC5ED826-3386-4240-8316-C09A6D07390B}.Release|x86.Build.0 = Release|Any CPU
		{601E7EB7-1A09-4051-98F8-E6C65C5E93C3}.Debug|Any CPU.ActiveCfg = Debug|Win32
		{601E7EB7-1A09-4051-98F8-E6C65C5E93C3}.Debug|x64.ActiveCfg = Debug|x64
		{601E7EB7-1A09-4051-98F8-E6C65C5E93C3}.Debug|x64.Build.0 = Debug|x64
		{601E7EB7-1A09-4051-98F8-E6C65C5E93C3}.Debug|x86.ActiveCfg = Debug|Win32
		{601E7EB7-1A09-4051-98F8-E6C65C5E93C3}.Debug|x86.Build.0 = Debug|Win32
		{601E7EB7-1A09-4051-98F8-E6C65C5E93C3}.Release|Any CPU.ActiveCfg = Release|Win32
		{601E7EB7-1A09-4051-98F8-E6C65C5E93C3}.Release|x64.ActiveCfg = Release|x64
		{601E7EB7-1A09-4051-98F8-E6C65C5E93C3}.Release|x64.Build.0 = Release|x64
		{601E7EB7-1A09-4051-98F8-E6C65C5E93C3}.Release|x86.ActiveCfg = Release|Win32
		{601E7EB7-1A09-4051-98F8-E6C65C5E93C3}.Release|x86.Build.0 = Release|Win32
		{15241E65-736C-48F3-B81C-51E5470873B8}.Debug|Any CPU.ActiveCfg = Debug|Win32
		{15241E65-736C-48F3-B81C-51E5470873B8}.Debug|x64.ActiveCfg = Debug|x64
		{15241E65-736C-48F3-B81C-51E5470873B8}.Debug|x64.Build.0 = Debug|x64
		{15241E65-736C-48F3-B81C-51E5470873B8}.Debug|x86.ActiveCfg = Debug|Win32
		{15241E65-736C-48F3-B81C-51E5470873B8}.Debug|x86.Build.0 = Debug|Win32
		{15241E65-736C-48F3-B81C-51E5470873B8}.Release|Any CPU.ActiveCfg = Release|Win32
		{15241E65-736C-48F3-B81C-51E5470873B8}.Release|x64.ActiveCfg = Release|x64
		{15241E65-736C-48F3-B81C-51E5470873B8}.Release|x64.Build.0 = Release|x64
		{15241E65-736C-48F3-B81C-51E5470873B8}.Release|x86.ActiveCfg = Release|Win32
		{15241E65-736C-48F3-B81C-51E5470873B8}.Release|x86.Build.0 = Release|Win32
		{EEDB3045-1639-4FE5-83EB-7C1B61F5538F}.Debug|Any CPU.ActiveCfg = Debug|Win32
		{EEDB3045-1639-4FE5-83EB-7C1B61F5538F}.Debug|x64.ActiveCfg = Debug|x64
		{EEDB3045-1639-4FE5-83EB-7C1B61F5538F}.Debug|x64.Build.0 = Debug|x64
		{EEDB3045-1639-4FE5-83EB-7C1B61F5538F}.Debug|x86.ActiveCfg = Debug|Win32
		{EEDB3045-1639-4FE5-83EB-7C1B61F5538F}.Debug|x86.Build.0 = Debug|Win32
		{EEDB3045-1639-4FE5-83EB-7C1B61F5538F}.Release|Any CPU.ActiveCfg = Release|Win32
		{EEDB3045-1639-4FE5-83EB-7C1B61F5538F}.Release|x64.ActiveCfg = Release|x64
		{EEDB3045-1639-4FE5-83EB-7C1B61F5538F}.Release|x64.Build.0 = Release|x64
		{EEDB3045-1639-4FE5-83EB-7C1B61F5538F}.Release|x86.ActiveCfg = Release|Win32
		{EEDB3045-1639-4FE5-83EB-7C1B61F5538F}.Release|x86.Build.0 = Release|Win32
		{A117F94A-6218-41B2-A5C0-CC9D32DB636F}.Debug|Any CPU.ActiveCfg = Debug|Any CPU
		{A117F94A-6218-41B2-A5C0-CC9D32DB636F}.Debug|Any CPU.Build.0 = Debug|Any CPU
		{A117F94A-6218-41B2-A5C0-CC9D32DB636F}.Debug|x64.ActiveCfg = Debug|x64
		{A117F94A-6218-41B2-A5C0-CC9D32DB636F}.Debug|x64.Build.0 = Debug|x64
		{A117F94A-6218-41B2-A5C0-CC9D32DB636F}.Debug|x86.ActiveCfg = Debug|Any CPU
		{A117F94A-6218-41B2-A5C0-CC9D32DB636F}.Debug|x86.Build.0 = Debug|Any CPU
		{A117F94A-6218-41B2-A5C0-CC9D32DB636F}.Release|Any CPU.ActiveCfg = Release|Any CPU
		{A117F94A-6218-41B2-A5C0-CC9D32DB636F}.Release|Any CPU.Build.0 = Release|Any CPU
		{A117F94A-6218-41B2-A5C0-CC9D32DB636F}.Release|x64.ActiveCfg = Release|x64
		{A117F94A-6218-41B2-A5C0-CC9D32DB636F}.Release|x64.Build.0 = Release|x64
		{A117F94A-6218-41B2-A5C0-CC9D32DB636F}.Release|x86.ActiveCfg = Release|Any CPU
		{A117F94A-6218-41B2-A5C0-CC9D32DB636F}.Release|x86.Build.0 = Release|Any CPU
		{540AD146-C1D7-4FB7-B487-E878BD7F7C5D}.Debug|Any CPU.ActiveCfg = Debug|Win32
		{540AD146-C1D7-4FB7-B487-E878BD7F7C5D}.Debug|x64.ActiveCfg = Debug|x64
		{540AD146-C1D7-4FB7-B487-E878BD7F7C5D}.Debug|x64.Build.0 = Debug|x64
		{540AD146-C1D7-4FB7-B487-E878BD7F7C5D}.Debug|x86.ActiveCfg = Debug|Win32
		{540AD146-C1D7-4FB7-B487-E878BD7F7C5D}.Debug|x86.Build.0 = Debug|Win32
		{540AD146-C1D7-4FB7-B487-E878BD7F7C5D}.Release|Any CPU.ActiveCfg = Release|Win32
		{540AD146-C1D7-4FB7-B487-E878BD7F7C5D}.Release|x64.ActiveCfg = Release|x64
		{540AD146-C1D7-4FB7-B487-E878BD7F7C5D}.Release|x64.Build.0 = Release|x64
		{540AD146-C1D7-4FB7-B487-E878BD7F7C5D}.Release|x86.ActiveCfg = Release|Win32
		{540AD146-C1D7-4FB7-B487-E878BD7F7C5D}.Release|x86.Build.0 = Release|Win32
		{09C9F1A8-E7E5-4776-BD83-EF9830941B0C}.Debug|Any CPU.ActiveCfg = Debug|Win32
		{09C9F1A8-E7E5-4776-BD83-EF9830941B0C}.Debug|x64.ActiveCfg = Debug|x64
		{09C9F1A8-E7E5-4776-BD83-EF9830941B0C}.Debug|x64.Build.0 = Debug|x64
		{09C9F1A8-E7E5-4776-BD83-EF9830941B0C}.Debug|x86.ActiveCfg = Debug|Win32
		{09C9F1A8-E7E5-4776-BD83-EF9830941B0C}.Debug|x86.Build.0 = Debug|Win32
		{09C9F1A8-E7E5-4776-BD83-EF9830941B0C}.Release|Any CPU.ActiveCfg = Release|Win32
		{09C9F1A8-E7E5-4776-BD83-EF9830941B0C}.Release|x64.ActiveCfg = Release|x64
		{09C9F1A8-E7E5-4776-BD83-EF9830941B0C}.Release|x64.Build.0 = Release|x64
		{09C9F1A8-E7E5-4776-BD83-EF9830941B0C}.Release|x86.ActiveCfg = Release|Win32
		{09C9F1A8-E7E5-4776-BD83-EF9830941B0C}.Release|x86.Build.0 = Release|Win32
		{20008B59-41D0-4F07-9786-51C836FA36BE}.Debug|Any CPU.ActiveCfg = Debug|Win32
		{20008B59-41D0-4F07-9786-51C836FA36BE}.Debug|x64.ActiveCfg = Debug|x64
		{20008B59-41D0-4F07-9786-51C836FA36BE}.Debug|x64.Build.0 = Debug|x64
		{20008B59-41D0-4F07-9786-51C836FA36BE}.Debug|x86.ActiveCfg = Debug|Win32
		{20008B59-41D0-4F07-9786-51C836FA36BE}.Debug|x86.Build.0 = Debug|Win32
		{20008B59-41D0-4F07-9786-51C836FA36BE}.Release|Any CPU.ActiveCfg = Release|Win32
		{20008B59-41D0-4F07-9786-51C836FA36BE}.Release|x64.ActiveCfg = Release|x64
		{20008B59-41D0-4F07-9786-51C836FA36BE}.Release|x64.Build.0 = Release|x64
		{20008B59-41D0-4F07-9786-51C836FA36BE}.Release|x86.ActiveCfg = Release|Win32
		{20008B59-41D0-4F07-9786-51C836FA36BE}.Release|x86.Build.0 = Release|Win32
		{978EB851-E4B2-4D73-81D5-6AD624721E5B}.Debug|Any CPU.ActiveCfg = Debug|Win32
		{978EB851-E4B2-4D73-81D5-6AD624721E5B}.Debug|x64.ActiveCfg = Debug|x64
		{978EB851-E4B2-4D73-81D5-6AD624721E5B}.Debug|x64.Build.0 = Debug|x64
		{978EB851-E4B2-4D73-81D5-6AD624721E5B}.Debug|x86.ActiveCfg = Debug|Win32
		{978EB851-E4B2-4D73-81D5-6AD624721E5B}.Debug|x86.Build.0 = Debug|Win32
		{978EB851-E4B2-4D73-81D5-6AD624721E5B}.Release|Any CPU.ActiveCfg = Release|Win32
		{978EB851-E4B2-4D73-81D5-6AD624721E5B}.Release|x64.ActiveCfg = Release|x64
		{978EB851-E4B2-4D73-81D5-6AD624721E5B}.Release|x64.Build.0 = Release|x64
		{978EB851-E4B2-4D73-81D5-6AD624721E5B}.Release|x86.ActiveCfg = Release|Win32
		{978EB851-E4B2-4D73-81D5-6AD624721E5B}.Release|x86.Build.0 = Release|Win32
		{2FE66D40-A1D4-40A9-8A47-45FE5001EC6D}.Debug|Any CPU.ActiveCfg = Debug|Win32
		{2FE66D40-A1D4-40A9-8A47-45FE5001EC6D}.Debug|x64.ActiveCfg = Debug|x64
		{2FE66D40-A1D4-40A9-8A47-45FE5001EC6D}.Debug|x64.Build.0 = Debug|x64
		{2FE66D40-A1D4-40A9-8A47-45FE5001EC6D}.Debug|x86.ActiveCfg = Debug|Win32
		{2FE66D40-A1D4-40A9-8A47-45FE5001EC6D}.Debug|x86.Build.0 = Debug|Win32
		{2FE66D40-A1D4-40A9-8A47-45FE5001EC6D}.Release|Any CPU.ActiveCfg = Release|Win32
		{2FE66D40-A1D4-40A9-8A47-45FE5001EC6D}.Release|x64.ActiveCfg = Release|x64
		{2FE66D40-A1D4-40A9-8A47-45FE5001EC6D}.Release|x64.Build.0 = Release|x64
		{2FE66D40-A1D4-40A9-8A47-45FE5001EC6D}.Release|x86.ActiveCfg = Release|Win32
		{2FE66D40-A1D4-40A9-8A47-45FE5001EC6D}.Release|x86.Build.0 = Release|Win32
	EndGlobalSection
	GlobalSection(SolutionProperties) = preSolution
		HideSolutionNode = FALSE
	EndGlobalSection
	GlobalSection(NestedProjects) = preSolution
		{8E09E8D9-324F-4DC7-BE05-A0C9ED04D25E} = {2B8BB329-50F8-45D7-9635-D23E40CD860D}
		{6E74D104-0770-43B7-A864-6291C0C0F8B1} = {95D21ED9-2A77-4699-946C-03BFC24E9F47}
		{E8E12A91-BD52-4248-B73A-D78DDC132404} = {95D21ED9-2A77-4699-946C-03BFC24E9F47}
		{8D9033B0-02A3-4633-B80D-CDCE45B88918} = {95D21ED9-2A77-4699-946C-03BFC24E9F47}
		{A924AC15-F827-4578-82FA-5E6C1E5C3044} = {AC4D4AAB-1C1C-43C6-BC10-F769ED623193}
		{CC5ED826-3386-4240-8316-C09A6D07390B} = {AC4D4AAB-1C1C-43C6-BC10-F769ED623193}
		{601E7EB7-1A09-4051-98F8-E6C65C5E93C3} = {95D21ED9-2A77-4699-946C-03BFC24E9F47}
		{15241E65-736C-48F3-B81C-51E5470873B8} = {AC4D4AAB-1C1C-43C6-BC10-F769ED623193}
		{EEDB3045-1639-4FE5-83EB-7C1B61F5538F} = {AC4D4AAB-1C1C-43C6-BC10-F769ED623193}
		{A117F94A-6218-41B2-A5C0-CC9D32DB636F} = {AC4D4AAB-1C1C-43C6-BC10-F769ED623193}
		{540AD146-C1D7-4FB7-B487-E878BD7F7C5D} = {2B8BB329-50F8-45D7-9635-D23E40CD860D}
		{09C9F1A8-E7E5-4776-BD83-EF9830941B0C} = {AC4D4AAB-1C1C-43C6-BC10-F769ED623193}
		{20008B59-41D0-4F07-9786-51C836FA36BE} = {2B8BB329-50F8-45D7-9635-D23E40CD860D}
		{978EB851-E4B2-4D73-81D5-6AD624721E5B} = {AC4D4AAB-1C1C-43C6-BC10-F769ED623193}
		{2FE66D40-A1D4-40A9-8A47-45FE5001EC6D} = {AC4D4AAB-1C1C-43C6-BC10-F769ED623193}
	EndGlobalSection
	GlobalSection(ExtensibilityGlobals) = postSolution
		SolutionGuid = {5DEAEF13-A07C-428C-B0CB-DC9655413A80}
	EndGlobalSection
EndGlobal
