<?xml version="1.0" encoding="utf-8"?>
<Project ToolsVersion="4.0" xmlns="http://schemas.microsoft.com/developer/msbuild/2003">
  <ItemGroup>
    <Filter Include="소스 파일">
      <UniqueIdentifier>{4FC737F1-C7A5-4376-A066-2A32D752A2FF}</UniqueIdentifier>
      <Extensions>cpp;c;cc;cxx;c++;cppm;ixx;def;odl;idl;hpj;bat;asm;asmx</Extensions>
    </Filter>
    <Filter Include="헤더 파일">
      <UniqueIdentifier>{93995380-89BD-4b04-88EB-625FBE52EBFB}</UniqueIdentifier>
      <Extensions>h;hh;hpp;hxx;h++;hm;inl;inc;ipp;xsd</Extensions>
    </Filter>
    <Filter Include="리소스 파일">
      <UniqueIdentifier>{67DA6AB6-F800-4c08-8B7A-83BB121AAD01}</UniqueIdentifier>
      <Extensions>rc;ico;cur;bmp;dlg;rc2;rct;bin;rgs;gif;jpg;jpeg;jpe;resx;tiff;tif;png;wav;mfcribbon-ms</Extensions>
    </Filter>
    <Filter Include="SkinnedXMesh">
      <UniqueIdentifier>{cf2f863b-4997-4125-a382-0b5fe0335ebd}</UniqueIdentifier>
    </Filter>
    <Filter Include="Terrain">
      <UniqueIdentifier>{977d6f8b-e084-4156-842b-281ef37caf20}</UniqueIdentifier>
    </Filter>
    <Filter Include="SkyBox">
      <UniqueIdentifier>{4c100957-ea24-49be-bd44-2b5a67986c4e}</UniqueIdentifier>
    </Filter>
    <Filter Include="StaticXMesh">
      <UniqueIdentifier>{9f77d1f1-13fe-4187-ae4b-768018fb16f1}</UniqueIdentifier>
    </Filter>
    <Filter Include="WowMapMesh">
      <UniqueIdentifier>{96f05a3e-7036-44f4-bd82-5d2f18f29976}</UniqueIdentifier>
    </Filter>
  </ItemGroup>
  <ItemGroup>
    <ClInclude Include="framework.h">
      <Filter>헤더 파일</Filter>
    </ClInclude>
    <ClInclude Include="pch.h">
      <Filter>헤더 파일</Filter>
    </ClInclude>
    <ClInclude Include="RenderObject.h">
      <Filter>헤더 파일</Filter>
    </ClInclude>
    <ClInclude Include="Common.h">
      <Filter>헤더 파일</Filter>
    </ClInclude>
    <ClInclude Include="RenderModule.h">
      <Filter>헤더 파일</Filter>
    </ClInclude>
    <ClInclude Include="MeshObject.h">
      <Filter>헤더 파일</Filter>
    </ClInclude>
    <ClInclude Include="SimpleColliderBoxObject.h">
      <Filter>헤더 파일</Filter>
    </ClInclude>
    <ClInclude Include="Frustum.h">
      <Filter>헤더 파일</Filter>
    </ClInclude>
    <ClInclude Include="SkinnedXMeshObject.h">
      <Filter>SkinnedXMesh</Filter>
    </ClInclude>
    <ClInclude Include="XMeshHierarchyLoader.h">
      <Filter>SkinnedXMesh</Filter>
    </ClInclude>
    <ClInclude Include="XMeshContainer.h">
      <Filter>SkinnedXMesh</Filter>
    </ClInclude>
    <ClInclude Include="XMeshAnimCtrler.h">
      <Filter>SkinnedXMesh</Filter>
    </ClInclude>
    <ClInclude Include="TerrainObject.h">
      <Filter>Terrain</Filter>
    </ClInclude>
    <ClInclude Include="SkyBoxObject.h">
      <Filter>SkyBox</Filter>
    </ClInclude>
    <ClInclude Include="StaticXMeshObject.h">
      <Filter>StaticXMesh</Filter>
    </ClInclude>
    <ClInclude Include="QuedNode.h">
      <Filter>Terrain</Filter>
    </ClInclude>
    <ClInclude Include="QuadTreeLeafNode.h">
      <Filter>Terrain</Filter>
    </ClInclude>
    <ClInclude Include="WowMapMeshObject.h">
      <Filter>WowMapMesh</Filter>
    </ClInclude>
    <ClInclude Include="..\common\UnicodeHelper.h">
      <Filter>헤더 파일</Filter>
    </ClInclude>
  </ItemGroup>
  <ItemGroup>
    <ClCompile Include="dllmain.cpp">
      <Filter>소스 파일</Filter>
    </ClCompile>
    <ClCompile Include="pch.cpp">
      <Filter>소스 파일</Filter>
    </ClCompile>
    <ClCompile Include="RenderObject.cpp">
      <Filter>소스 파일</Filter>
    </ClCompile>
    <ClCompile Include="RenderModule.cpp">
      <Filter>소스 파일</Filter>
    </ClCompile>
    <ClCompile Include="MeshObject.cpp">
      <Filter>소스 파일</Filter>
    </ClCompile>
    <ClCompile Include="SimpleColliderBoxObject.cpp">
      <Filter>소스 파일</Filter>
    </ClCompile>
    <ClCompile Include="Frustum.cpp">
      <Filter>소스 파일</Filter>
    </ClCompile>
    <ClCompile Include="XMeshHierarchyLoader.cpp">
      <Filter>SkinnedXMesh</Filter>
    </ClCompile>
    <ClCompile Include="XMeshAnimCtrler.cpp">
      <Filter>SkinnedXMesh</Filter>
    </ClCompile>
    <ClCompile Include="SkinnedXMeshObject.cpp">
      <Filter>SkinnedXMesh</Filter>
    </ClCompile>
    <ClCompile Include="TerrainObject.cpp">
      <Filter>Terrain</Filter>
    </ClCompile>
    <ClCompile Include="SkyBoxObject.cpp">
      <Filter>SkyBox</Filter>
    </ClCompile>
    <ClCompile Include="StaticXMeshObject.cpp">
      <Filter>StaticXMesh</Filter>
    </ClCompile>
    <ClCompile Include="QuedNode.cpp">
      <Filter>소스 파일</Filter>
    </ClCompile>
    <ClCompile Include="QuadTreeLeafNode.cpp">
      <Filter>StaticXMesh</Filter>
    </ClCompile>
    <ClCompile Include="WowMapMeshObject.cpp">
      <Filter>소스 파일</Filter>
    </ClCompile>
  </ItemGroup>
</Project>