<?xml version="1.0" encoding="utf-8"?>
<Project ToolsVersion="4.0" xmlns="http://schemas.microsoft.com/developer/msbuild/2003">
  <ItemGroup>
    <Filter Include="소스 파일">
      <UniqueIdentifier>{4FC737F1-C7A5-4376-A066-2A32D752A2FF}</UniqueIdentifier>
      <Extensions>cpp;c;cc;cxx;c++;cppm;ixx;def;odl;idl;hpj;bat;asm;asmx</Extensions>
    </Filter>
    <Filter Include="헤더 파일">
      <UniqueIdentifier>{93995380-89BD-4b04-88EB-625FBE52EBFB}</UniqueIdentifier>
      <Extensions>h;hh;hpp;hxx;h++;hm;inl;inc;ipp;xsd</Extensions>
    </Filter>
    <Filter Include="리소스 파일">
      <UniqueIdentifier>{67DA6AB6-F800-4c08-8B7A-83BB121AAD01}</UniqueIdentifier>
      <Extensions>rc;ico;cur;bmp;dlg;rc2;rct;bin;rgs;gif;jpg;jpeg;jpe;resx;tiff;tif;png;wav;mfcribbon-ms</Extensions>
    </Filter>
    <Filter Include="Renderer">
      <UniqueIdentifier>{452c2009-b6a5-400b-a11a-e0b96e67781f}</UniqueIdentifier>
    </Filter>
    <Filter Include="Resource">
      <UniqueIdentifier>{1d35a9c0-6681-4dbb-bcdb-126e493fd85d}</UniqueIdentifier>
    </Filter>
    <Filter Include="Resource\Mesh">
      <UniqueIdentifier>{80b1585c-2d15-4d6e-9f67-e90cb05cf91f}</UniqueIdentifier>
    </Filter>
    <Filter Include="Resource\Mesh\SkinnedMesh">
      <UniqueIdentifier>{f343f767-52b2-418c-a603-b38fd6445f85}</UniqueIdentifier>
    </Filter>
    <Filter Include="Resource\Mesh\OBJ">
      <UniqueIdentifier>{a32a154a-7486-4ce5-ab17-bd04dcd90883}</UniqueIdentifier>
    </Filter>
    <Filter Include="Object">
      <UniqueIdentifier>{4ec73552-11a1-4403-9d9e-1eaa4600c90a}</UniqueIdentifier>
    </Filter>
    <Filter Include="camera">
      <UniqueIdentifier>{cf001a70-5423-4d2b-9f6f-41a8ab4bcb47}</UniqueIdentifier>
    </Filter>
    <Filter Include="Object\OBJ">
      <UniqueIdentifier>{0847ccfa-8140-4b24-a38e-4504dc6aa181}</UniqueIdentifier>
    </Filter>
    <Filter Include="Object\SkinnedXMesh">
      <UniqueIdentifier>{849b48d8-a67b-4e16-9b29-d8940a63924c}</UniqueIdentifier>
    </Filter>
  </ItemGroup>
  <ItemGroup>
    <ClInclude Include="MaptoolRenderer.h">
      <Filter>헤더 파일</Filter>
    </ClInclude>
    <ClInclude Include="Resource.h">
      <Filter>헤더 파일</Filter>
    </ClInclude>
    <ClInclude Include="pch.h">
      <Filter>헤더 파일</Filter>
    </ClInclude>
    <ClInclude Include="Mesh.hpp">
      <Filter>Resource\Mesh</Filter>
    </ClInclude>
    <ClInclude Include="OBJMesh.hpp">
      <Filter>Resource\Mesh\OBJ</Filter>
    </ClInclude>
    <ClInclude Include="IRenderable.hpp">
      <Filter>Object</Filter>
    </ClInclude>
    <ClInclude Include="Camera.hpp">
      <Filter>camera</Filter>
    </ClInclude>
    <ClInclude Include="OBJObject.hpp">
      <Filter>Object\OBJ</Filter>
    </ClInclude>
    <ClInclude Include="XSkinnedMeshObject.hpp">
      <Filter>Object\SkinnedXMesh</Filter>
    </ClInclude>
    <ClInclude Include="COMRef.hpp">
      <Filter>헤더 파일</Filter>
    </ClInclude>
    <ClInclude Include="NativeRenderer.hpp">
      <Filter>Renderer</Filter>
    </ClInclude>
    <ClInclude Include="OBJSubsetCollection.hpp">
      <Filter>Object\OBJ</Filter>
    </ClInclude>
    <ClInclude Include="OBJSubsetConverter.hpp">
      <Filter>Object\OBJ</Filter>
    </ClInclude>
    <ClInclude Include="SkinnedXMesh.hpp">
      <Filter>Resource\Mesh\SkinnedMesh</Filter>
    </ClInclude>
    <ClInclude Include="ingame.fx" />
    <ClInclude Include="ingame_combine.fx" />
    <ClInclude Include="ingame_lighting.fx" />
    <ClInclude Include="RenderObject.hpp">
      <Filter>Object</Filter>
    </ClInclude>
  </ItemGroup>
  <ItemGroup>
    <ClCompile Include="MaptoolRenderer.cpp">
      <Filter>소스 파일</Filter>
    </ClCompile>
    <ClCompile Include="AssemblyInfo.cpp">
      <Filter>소스 파일</Filter>
    </ClCompile>
    <ClCompile Include="pch.cpp">
      <Filter>소스 파일</Filter>
    </ClCompile>
    <ClCompile Include="OBJMesh.cpp">
      <Filter>Resource\Mesh\OBJ</Filter>
    </ClCompile>
    <ClCompile Include="Mesh.cpp">
      <Filter>Resource\Mesh</Filter>
    </ClCompile>
    <ClCompile Include="Camera.cpp">
      <Filter>camera</Filter>
    </ClCompile>
    <ClCompile Include="OBJObject.cpp">
      <Filter>Object\OBJ</Filter>
    </ClCompile>
    <ClCompile Include="NativeRenderer.cpp">
      <Filter>Renderer</Filter>
    </ClCompile>
    <ClCompile Include="OBJSubsetCollection.cpp">
      <Filter>Object\OBJ</Filter>
    </ClCompile>
    <ClCompile Include="SkinnedXMesh.cpp">
      <Filter>Resource\Mesh\SkinnedMesh</Filter>
    </ClCompile>
    <ClCompile Include="OBJSubsetConverter.cpp">
      <Filter>Object\OBJ</Filter>
    </ClCompile>
    <ClCompile Include="XSkinnedMeshObject.cpp">
      <Filter>Object\SkinnedXMesh</Filter>
    </ClCompile>
    <ClCompile Include="RenderObject.cpp">
      <Filter>Object</Filter>
    </ClCompile>
  </ItemGroup>
  <ItemGroup>
    <ResourceCompile Include="app.rc">
      <Filter>리소스 파일</Filter>
    </ResourceCompile>
  </ItemGroup>
  <ItemGroup>
    <Image Include="app.ico">
      <Filter>리소스 파일</Filter>
    </Image>
  </ItemGroup>
  <ItemGroup>
    <EmbeddedResource Include="shader.resx">
      <Filter>리소스 파일</Filter>
    </EmbeddedResource>
  </ItemGroup>
</Project>